// !$*UTF8*$!
{
	archiveVersion = 1;
	classes = {
	};
	objectVersion = 51;
	objects = {

/* Begin PBXBuildFile section */
		7AC01E6924DB7A570002971F /* AppDelegate.swift in Sources */ = {isa = PBXBuildFile; fileRef = 7AC01E6824DB7A570002971F /* AppDelegate.swift */; };
		7AC01E6B24DB7A570002971F /* SceneDelegate.swift in Sources */ = {isa = PBXBuildFile; fileRef = 7AC01E6A24DB7A570002971F /* SceneDelegate.swift */; };
		7AC01E6D24DB7A570002971F /* ViewController.swift in Sources */ = {isa = PBXBuildFile; fileRef = 7AC01E6C24DB7A570002971F /* ViewController.swift */; };
		7AC01E7024DB7A570002971F /* Main.storyboard in Resources */ = {isa = PBXBuildFile; fileRef = 7AC01E6E24DB7A570002971F /* Main.storyboard */; };
		7AC01E7524DB7A590002971F /* LaunchScreen.storyboard in Resources */ = {isa = PBXBuildFile; fileRef = 7AC01E7324DB7A590002971F /* LaunchScreen.storyboard */; };
		7AC2F6FC24DB7FD500415549 /* Assets.xcassets in Resources */ = {isa = PBXBuildFile; fileRef = 7AC2F6FB24DB7FD500415549 /* Assets.xcassets */; };
		CE6F9C74E13228B3C71AEF52 /* Pods_together_button_use_case.framework in Frameworks */ = {isa = PBXBuildFile; fileRef = 236D2208E1E57ADCA9775A2A /* Pods_together_button_use_case.framework */; };
/* End PBXBuildFile section */

/* Begin PBXFileReference section */
		236D2208E1E57ADCA9775A2A /* Pods_together_button_use_case.framework */ = {isa = PBXFileReference; explicitFileType = wrapper.framework; includeInIndex = 0; path = Pods_together_button_use_case.framework; sourceTree = BUILT_PRODUCTS_DIR; };
		28EFCE7AC6E22F4CFD6A48F8 /* Pods-together-button-use-case.release.xcconfig */ = {isa = PBXFileReference; includeInIndex = 1; lastKnownFileType = text.xcconfig; name = "Pods-together-button-use-case.release.xcconfig"; path = "Target Support Files/Pods-together-button-use-case/Pods-together-button-use-case.release.xcconfig"; sourceTree = "<group>"; };
		7AC01E6524DB7A570002971F /* together-button-use-case.app */ = {isa = PBXFileReference; explicitFileType = wrapper.application; includeInIndex = 0; path = "together-button-use-case.app"; sourceTree = BUILT_PRODUCTS_DIR; };
		7AC01E6824DB7A570002971F /* AppDelegate.swift */ = {isa = PBXFileReference; lastKnownFileType = sourcecode.swift; path = AppDelegate.swift; sourceTree = "<group>"; };
		7AC01E6A24DB7A570002971F /* SceneDelegate.swift */ = {isa = PBXFileReference; lastKnownFileType = sourcecode.swift; path = SceneDelegate.swift; sourceTree = "<group>"; };
		7AC01E6C24DB7A570002971F /* ViewController.swift */ = {isa = PBXFileReference; lastKnownFileType = sourcecode.swift; path = ViewController.swift; sourceTree = "<group>"; };
		7AC01E6F24DB7A570002971F /* Base */ = {isa = PBXFileReference; lastKnownFileType = file.storyboard; name = Base; path = Base.lproj/Main.storyboard; sourceTree = "<group>"; };
		7AC01E7424DB7A590002971F /* Base */ = {isa = PBXFileReference; lastKnownFileType = file.storyboard; name = Base; path = Base.lproj/LaunchScreen.storyboard; sourceTree = "<group>"; };
		7AC01E7624DB7A590002971F /* Info.plist */ = {isa = PBXFileReference; lastKnownFileType = text.plist.xml; path = Info.plist; sourceTree = "<group>"; };
		7AC2F6FB24DB7FD500415549 /* Assets.xcassets */ = {isa = PBXFileReference; lastKnownFileType = folder.assetcatalog; path = Assets.xcassets; sourceTree = "<group>"; };
		AE1782351DB38DF2A8B432E5 /* Pods-together-button-use-case.debug.xcconfig */ = {isa = PBXFileReference; includeInIndex = 1; lastKnownFileType = text.xcconfig; name = "Pods-together-button-use-case.debug.xcconfig"; path = "Target Support Files/Pods-together-button-use-case/Pods-together-button-use-case.debug.xcconfig"; sourceTree = "<group>"; };
/* End PBXFileReference section */

/* Begin PBXFrameworksBuildPhase section */
		7AC01E6224DB7A570002971F /* Frameworks */ = {
			isa = PBXFrameworksBuildPhase;
			buildActionMask = 2147483647;
			files = (
				CE6F9C74E13228B3C71AEF52 /* Pods_together_button_use_case.framework in Frameworks */,
			);
			runOnlyForDeploymentPostprocessing = 0;
		};
/* End PBXFrameworksBuildPhase section */

/* Begin PBXGroup section */
		591E9877DF13F7EA6B155178 /* Pods */ = {
			isa = PBXGroup;
			children = (
				AE1782351DB38DF2A8B432E5 /* Pods-together-button-use-case.debug.xcconfig */,
				28EFCE7AC6E22F4CFD6A48F8 /* Pods-together-button-use-case.release.xcconfig */,
			);
			path = Pods;
			sourceTree = "<group>";
		};
		7AC01E5C24DB7A570002971F = {
			isa = PBXGroup;
			children = (
				7AC01E6724DB7A570002971F /* together-button-use-case */,
				7AC01E6624DB7A570002971F /* Products */,
				591E9877DF13F7EA6B155178 /* Pods */,
				AF1965D4B230BA22F7E5B2B4 /* Frameworks */,
			);
			sourceTree = "<group>";
		};
		7AC01E6624DB7A570002971F /* Products */ = {
			isa = PBXGroup;
			children = (
				7AC01E6524DB7A570002971F /* together-button-use-case.app */,
			);
			name = Products;
			sourceTree = "<group>";
		};
		7AC01E6724DB7A570002971F /* together-button-use-case */ = {
			isa = PBXGroup;
			children = (
				7AC01E6824DB7A570002971F /* AppDelegate.swift */,
				7AC01E6A24DB7A570002971F /* SceneDelegate.swift */,
				7AC01E6C24DB7A570002971F /* ViewController.swift */,
				7AC01E6E24DB7A570002971F /* Main.storyboard */,
				7AC2F6FB24DB7FD500415549 /* Assets.xcassets */,
				7AC01E7324DB7A590002971F /* LaunchScreen.storyboard */,
				7AC01E7624DB7A590002971F /* Info.plist */,
			);
			path = "together-button-use-case";
			sourceTree = "<group>";
		};
		AF1965D4B230BA22F7E5B2B4 /* Frameworks */ = {
			isa = PBXGroup;
			children = (
				236D2208E1E57ADCA9775A2A /* Pods_together_button_use_case.framework */,
			);
			name = Frameworks;
			sourceTree = "<group>";
		};
/* End PBXGroup section */

/* Begin PBXNativeTarget section */
		7AC01E6424DB7A570002971F /* together-button-use-case */ = {
			isa = PBXNativeTarget;
			buildConfigurationList = 7AC01E7924DB7A590002971F /* Build configuration list for PBXNativeTarget "together-button-use-case" */;
			buildPhases = (
				A6E25EA954D6249DFC5589E4 /* [CP] Check Pods Manifest.lock */,
				7AC01E6124DB7A570002971F /* Sources */,
				7AC01E6224DB7A570002971F /* Frameworks */,
				7AC01E6324DB7A570002971F /* Resources */,
				F2B605BB5F40D315293F3C6A /* [CP] Embed Pods Frameworks */,
			);
			buildRules = (
			);
			dependencies = (
			);
			name = "together-button-use-case";
			productName = "together-button-use-case";
			productReference = 7AC01E6524DB7A570002971F /* together-button-use-case.app */;
			productType = "com.apple.product-type.application";
		};
/* End PBXNativeTarget section */

/* Begin PBXProject section */
		7AC01E5D24DB7A570002971F /* Project object */ = {
			isa = PBXProject;
			attributes = {
				LastSwiftUpdateCheck = 1160;
				LastUpgradeCheck = 1160;
				ORGANIZATIONNAME = together;
				TargetAttributes = {
					7AC01E6424DB7A570002971F = {
						CreatedOnToolsVersion = 11.6;
					};
				};
			};
			buildConfigurationList = 7AC01E6024DB7A570002971F /* Build configuration list for PBXProject "together-button-use-case" */;
			compatibilityVersion = "Xcode 9.3";
			developmentRegion = en;
			hasScannedForEncodings = 0;
			knownRegions = (
				en,
				Base,
			);
			mainGroup = 7AC01E5C24DB7A570002971F;
			productRefGroup = 7AC01E6624DB7A570002971F /* Products */;
			projectDirPath = "";
			projectRoot = "";
			targets = (
				7AC01E6424DB7A570002971F /* together-button-use-case */,
			);
		};
/* End PBXProject section */

/* Begin PBXResourcesBuildPhase section */
		7AC01E6324DB7A570002971F /* Resources */ = {
			isa = PBXResourcesBuildPhase;
			buildActionMask = 2147483647;
			files = (
				7AC01E7524DB7A590002971F /* LaunchScreen.storyboard in Resources */,
				7AC2F6FC24DB7FD500415549 /* Assets.xcassets in Resources */,
				7AC01E7024DB7A570002971F /* Main.storyboard in Resources */,
			);
			runOnlyForDeploymentPostprocessing = 0;
		};
/* End PBXResourcesBuildPhase section */

/* Begin PBXShellScriptBuildPhase section */
		A6E25EA954D6249DFC5589E4 /* [CP] Check Pods Manifest.lock */ = {
			isa = PBXShellScriptBuildPhase;
			buildActionMask = 2147483647;
			files = (
			);
			inputFileListPaths = (
			);
			inputPaths = (
				"${PODS_PODFILE_DIR_PATH}/Podfile.lock",
				"${PODS_ROOT}/Manifest.lock",
			);
			name = "[CP] Check Pods Manifest.lock";
			outputFileListPaths = (
			);
			outputPaths = (
				"$(DERIVED_FILE_DIR)/Pods-together-button-use-case-checkManifestLockResult.txt",
			);
			runOnlyForDeploymentPostprocessing = 0;
			shellPath = /bin/sh;
			shellScript = "diff \"${PODS_PODFILE_DIR_PATH}/Podfile.lock\" \"${PODS_ROOT}/Manifest.lock\" > /dev/null\nif [ $? != 0 ] ; then\n    # print error to STDERR\n    echo \"error: The sandbox is not in sync with the Podfile.lock. Run 'pod install' or update your CocoaPods installation.\" >&2\n    exit 1\nfi\n# This output is used by Xcode 'outputs' to avoid re-running this script phase.\necho \"SUCCESS\" > \"${SCRIPT_OUTPUT_FILE_0}\"\n";
			showEnvVarsInLog = 0;
		};
		F2B605BB5F40D315293F3C6A /* [CP] Embed Pods Frameworks */ = {
			isa = PBXShellScriptBuildPhase;
			buildActionMask = 2147483647;
			files = (
			);
			inputFileListPaths = (
				"${PODS_ROOT}/Target Support Files/Pods-together-button-use-case/Pods-together-button-use-case-frameworks-${CONFIGURATION}-input-files.xcfilelist",
			);
			name = "[CP] Embed Pods Frameworks";
			outputFileListPaths = (
				"${PODS_ROOT}/Target Support Files/Pods-together-button-use-case/Pods-together-button-use-case-frameworks-${CONFIGURATION}-output-files.xcfilelist",
			);
			runOnlyForDeploymentPostprocessing = 0;
			shellPath = /bin/sh;
			shellScript = "\"${PODS_ROOT}/Target Support Files/Pods-together-button-use-case/Pods-together-button-use-case-frameworks.sh\"\n";
			showEnvVarsInLog = 0;
		};
/* End PBXShellScriptBuildPhase section */

/* Begin PBXSourcesBuildPhase section */
		7AC01E6124DB7A570002971F /* Sources */ = {
			isa = PBXSourcesBuildPhase;
			buildActionMask = 2147483647;
			files = (
				7AC01E6D24DB7A570002971F /* ViewController.swift in Sources */,
				7AC01E6924DB7A570002971F /* AppDelegate.swift in Sources */,
				7AC01E6B24DB7A570002971F /* SceneDelegate.swift in Sources */,
			);
			runOnlyForDeploymentPostprocessing = 0;
		};
/* End PBXSourcesBuildPhase section */

/* Begin PBXVariantGroup section */
		7AC01E6E24DB7A570002971F /* Main.storyboard */ = {
			isa = PBXVariantGroup;
			children = (
				7AC01E6F24DB7A570002971F /* Base */,
			);
			name = Main.storyboard;
			sourceTree = "<group>";
		};
		7AC01E7324DB7A590002971F /* LaunchScreen.storyboard */ = {
			isa = PBXVariantGroup;
			children = (
				7AC01E7424DB7A590002971F /* Base */,
			);
			name = LaunchScreen.storyboard;
			sourceTree = "<group>";
		};
/* End PBXVariantGroup section */

/* Begin XCBuildConfiguration section */
		7AC01E7724DB7A590002971F /* Debug */ = {
			isa = XCBuildConfiguration;
			buildSettings = {
				ALWAYS_SEARCH_USER_PATHS = NO;
				CLANG_ANALYZER_NONNULL = YES;
				CLANG_ANALYZER_NUMBER_OBJECT_CONVERSION = YES_AGGRESSIVE;
				CLANG_CXX_LANGUAGE_STANDARD = "gnu++14";
				CLANG_CXX_LIBRARY = "libc++";
				CLANG_ENABLE_MODULES = YES;
				CLANG_ENABLE_OBJC_ARC = YES;
				CLANG_ENABLE_OBJC_WEAK = YES;
				CLANG_WARN_BLOCK_CAPTURE_AUTORELEASING = YES;
				CLANG_WARN_BOOL_CONVERSION = YES;
				CLANG_WARN_COMMA = YES;
				CLANG_WARN_CONSTANT_CONVERSION = YES;
				CLANG_WARN_DEPRECATED_OBJC_IMPLEMENTATIONS = YES;
				CLANG_WARN_DIRECT_OBJC_ISA_USAGE = YES_ERROR;
				CLANG_WARN_DOCUMENTATION_COMMENTS = YES;
				CLANG_WARN_EMPTY_BODY = YES;
				CLANG_WARN_ENUM_CONVERSION = YES;
				CLANG_WARN_INFINITE_RECURSION = YES;
				CLANG_WARN_INT_CONVERSION = YES;
				CLANG_WARN_NON_LITERAL_NULL_CONVERSION = YES;
				CLANG_WARN_OBJC_IMPLICIT_RETAIN_SELF = YES;
				CLANG_WARN_OBJC_LITERAL_CONVERSION = YES;
				CLANG_WARN_OBJC_ROOT_CLASS = YES_ERROR;
				CLANG_WARN_RANGE_LOOP_ANALYSIS = YES;
				CLANG_WARN_STRICT_PROTOTYPES = YES;
				CLANG_WARN_SUSPICIOUS_MOVE = YES;
				CLANG_WARN_UNGUARDED_AVAILABILITY = YES_AGGRESSIVE;
				CLANG_WARN_UNREACHABLE_CODE = YES;
				CLANG_WARN__DUPLICATE_METHOD_MATCH = YES;
				COPY_PHASE_STRIP = NO;
				DEBUG_INFORMATION_FORMAT = dwarf;
				ENABLE_STRICT_OBJC_MSGSEND = YES;
				ENABLE_TESTABILITY = YES;
				GCC_C_LANGUAGE_STANDARD = gnu11;
				GCC_DYNAMIC_NO_PIC = NO;
				GCC_NO_COMMON_BLOCKS = YES;
				GCC_OPTIMIZATION_LEVEL = 0;
				GCC_PREPROCESSOR_DEFINITIONS = (
					"DEBUG=1",
					"$(inherited)",
				);
				GCC_WARN_64_TO_32_BIT_CONVERSION = YES;
				GCC_WARN_ABOUT_RETURN_TYPE = YES_ERROR;
				GCC_WARN_UNDECLARED_SELECTOR = YES;
				GCC_WARN_UNINITIALIZED_AUTOS = YES_AGGRESSIVE;
				GCC_WARN_UNUSED_FUNCTION = YES;
				GCC_WARN_UNUSED_VARIABLE = YES;
				IPHONEOS_DEPLOYMENT_TARGET = 13.6;
				MTL_ENABLE_DEBUG_INFO = INCLUDE_SOURCE;
				MTL_FAST_MATH = YES;
				ONLY_ACTIVE_ARCH = YES;
				SDKROOT = iphoneos;
				SWIFT_ACTIVE_COMPILATION_CONDITIONS = DEBUG;
				SWIFT_OPTIMIZATION_LEVEL = "-Onone";
			};
			name = Debug;
		};
		7AC01E7824DB7A590002971F /* Release */ = {
			isa = XCBuildConfiguration;
			buildSettings = {
				ALWAYS_SEARCH_USER_PATHS = NO;
				CLANG_ANALYZER_NONNULL = YES;
				CLANG_ANALYZER_NUMBER_OBJECT_CONVERSION = YES_AGGRESSIVE;
				CLANG_CXX_LANGUAGE_STANDARD = "gnu++14";
				CLANG_CXX_LIBRARY = "libc++";
				CLANG_ENABLE_MODULES = YES;
				CLANG_ENABLE_OBJC_ARC = YES;
				CLANG_ENABLE_OBJC_WEAK = YES;
				CLANG_WARN_BLOCK_CAPTURE_AUTORELEASING = YES;
				CLANG_WARN_BOOL_CONVERSION = YES;
				CLANG_WARN_COMMA = YES;
				CLANG_WARN_CONSTANT_CONVERSION = YES;
				CLANG_WARN_DEPRECATED_OBJC_IMPLEMENTATIONS = YES;
				CLANG_WARN_DIRECT_OBJC_ISA_USAGE = YES_ERROR;
				CLANG_WARN_DOCUMENTATION_COMMENTS = YES;
				CLANG_WARN_EMPTY_BODY = YES;
				CLANG_WARN_ENUM_CONVERSION = YES;
				CLANG_WARN_INFINITE_RECURSION = YES;
				CLANG_WARN_INT_CONVERSION = YES;
				CLANG_WARN_NON_LITERAL_NULL_CONVERSION = YES;
				CLANG_WARN_OBJC_IMPLICIT_RETAIN_SELF = YES;
				CLANG_WARN_OBJC_LITERAL_CONVERSION = YES;
				CLANG_WARN_OBJC_ROOT_CLASS = YES_ERROR;
				CLANG_WARN_RANGE_LOOP_ANALYSIS = YES;
				CLANG_WARN_STRICT_PROTOTYPES = YES;
				CLANG_WARN_SUSPICIOUS_MOVE = YES;
				CLANG_WARN_UNGUARDED_AVAILABILITY = YES_AGGRESSIVE;
				CLANG_WARN_UNREACHABLE_CODE = YES;
				CLANG_WARN__DUPLICATE_METHOD_MATCH = YES;
				COPY_PHASE_STRIP = NO;
				DEBUG_INFORMATION_FORMAT = "dwarf-with-dsym";
				ENABLE_NS_ASSERTIONS = NO;
				ENABLE_STRICT_OBJC_MSGSEND = YES;
				GCC_C_LANGUAGE_STANDARD = gnu11;
				GCC_NO_COMMON_BLOCKS = YES;
				GCC_WARN_64_TO_32_BIT_CONVERSION = YES;
				GCC_WARN_ABOUT_RETURN_TYPE = YES_ERROR;
				GCC_WARN_UNDECLARED_SELECTOR = YES;
				GCC_WARN_UNINITIALIZED_AUTOS = YES_AGGRESSIVE;
				GCC_WARN_UNUSED_FUNCTION = YES;
				GCC_WARN_UNUSED_VARIABLE = YES;
				IPHONEOS_DEPLOYMENT_TARGET = 13.6;
				MTL_ENABLE_DEBUG_INFO = NO;
				MTL_FAST_MATH = YES;
				SDKROOT = iphoneos;
				SWIFT_COMPILATION_MODE = wholemodule;
				SWIFT_OPTIMIZATION_LEVEL = "-O";
				VALIDATE_PRODUCT = YES;
			};
			name = Release;
		};
		7AC01E7A24DB7A590002971F /* Debug */ = {
			isa = XCBuildConfiguration;
			baseConfigurationReference = AE1782351DB38DF2A8B432E5 /* Pods-together-button-use-case.debug.xcconfig */;
			buildSettings = {
				ASSETCATALOG_COMPILER_APPICON_NAME = AppIcon;
				CODE_SIGN_STYLE = Automatic;
				DEVELOPMENT_TEAM = 373U5VR954;
				INFOPLIST_FILE = "together-button-use-case/Info.plist";
				LD_RUNPATH_SEARCH_PATHS = (
					"$(inherited)",
					"@executable_path/Frameworks",
				);
				PRODUCT_BUNDLE_IDENTIFIER = "com.together-button-use-case";
				PRODUCT_NAME = "$(TARGET_NAME)";
				SWIFT_VERSION = 5.0;
				TARGETED_DEVICE_FAMILY = "1,2";
			};
			name = Debug;
		};
		7AC01E7B24DB7A590002971F /* Release */ = {
			isa = XCBuildConfiguration;
			baseConfigurationReference = 28EFCE7AC6E22F4CFD6A48F8 /* Pods-together-button-use-case.release.xcconfig */;
			buildSettings = {
				ASSETCATALOG_COMPILER_APPICON_NAME = AppIcon;
				CODE_SIGN_STYLE = Automatic;
				DEVELOPMENT_TEAM = 373U5VR954;
				INFOPLIST_FILE = "together-button-use-case/Info.plist";
				LD_RUNPATH_SEARCH_PATHS = (
					"$(inherited)",
					"@executable_path/Frameworks",
				);
				PRODUCT_BUNDLE_IDENTIFIER = "com.together-button-use-case";
				PRODUCT_NAME = "$(TARGET_NAME)";
				SWIFT_VERSION = 5.0;
				TARGETED_DEVICE_FAMILY = "1,2";
			};
			name = Release;
		};
/* End XCBuildConfiguration section */

/* Begin XCConfigurationList section */
		7AC01E6024DB7A570002971F /* Build configuration list for PBXProject "together-button-use-case" */ = {
			isa = XCConfigurationList;
			buildConfigurations = (
				7AC01E7724DB7A590002971F /* Debug */,
				7AC01E7824DB7A590002971F /* Release */,
			);
			defaultConfigurationIsVisible = 0;
			defaultConfigurationName = Release;
		};
		7AC01E7924DB7A590002971F /* Build configuration list for PBXNativeTarget "together-button-use-case" */ = {
			isa = XCConfigurationList;
			buildConfigurations = (
				7AC01E7A24DB7A590002971F /* Debug */,
				7AC01E7B24DB7A590002971F /* Release */,
			);
			defaultConfigurationIsVisible = 0;
			defaultConfigurationName = Release;
		};
/* End XCConfigurationList section */
	};
	rootObject = 7AC01E5D24DB7A570002971F /* Project object */;
}
